
Microsoft Visual Studio Solution File, Format Version 12.00
# Visual Studio Version 17
VisualStudioVersion = 17.8.34511.84
MinimumVisualStudioVersion = 10.0.40219.1
Project("{FAE04EC0-301F-11D3-BF4B-00C04F79EFBC}") = "ProductApi.Application", "ProductApi.Application\ProductApi.Application.csproj", "{187088B1-13EE-47BE-B3D3-484E45D8BEBB}"
EndProject
Project("{FAE04EC0-301F-11D3-BF4B-00C04F79EFBC}") = "ProductApi.Domain", "ProductApi.Domain\ProductApi.Domain.csproj", "{23D5A733-DE2E-4107-9DF2-2BC1A24B9A86}"
EndProject
Project("{FAE04EC0-301F-11D3-BF4B-00C04F79EFBC}") = "ProductApi.Infrastructure", "Product.Infrastructure\ProductApi.Infrastructure.csproj", "{F01D7EFE-9A15-421B-ADB0-4084E789BD7E}"
EndProject
Project("{FAE04EC0-301F-11D3-BF4B-00C04F79EFBC}") = "ProductApi.Presentation", "ProductApi.Presentation\ProductApi.Presentation.csproj", "{5FF233CD-179D-452B-A58C-4D981247B4BB}"
EndProject
Project("{9A19103F-16F7-4668-BE54-9A1E7A4F7556}") = "eCommerce.SharedLibrary", "..\EComm.SharedLibrarySolution\eCommerce.SharedLibrary\eCommerce.SharedLibrary.csproj", "{EFA225B9-1FEA-4942-B551-4D1809D08121}"
EndProject
Global
	GlobalSection(SolutionConfigurationPlatforms) = preSolution
		Debug|Any CPU = Debug|Any CPU
		Release|Any CPU = Release|Any CPU
	EndGlobalSection
	GlobalSection(ProjectConfigurationPlatforms) = postSolution
		{187088B1-13EE-47BE-B3D3-484E45D8BEBB}.Debug|Any CPU.ActiveCfg = Debug|Any CPU
		{187088B1-13EE-47BE-B3D3-484E45D8BEBB}.Debug|Any CPU.Build.0 = Debug|Any CPU
		{187088B1-13EE-47BE-B3D3-484E45D8BEBB}.Release|Any CPU.ActiveCfg = Release|Any CPU
		{187088B1-13EE-47BE-B3D3-484E45D8BEBB}.Release|Any CPU.Build.0 = Release|Any CPU
		{23D5A733-DE2E-4107-9DF2-2BC1A24B9A86}.Debug|Any CPU.ActiveCfg = Debug|Any CPU
		{23D5A733-DE2E-4107-9DF2-2BC1A24B9A86}.Debug|Any CPU.Build.0 = Debug|Any CPU
		{23D5A733-DE2E-4107-9DF2-2BC1A24B9A86}.Release|Any CPU.ActiveCfg = Release|Any CPU
		{23D5A733-DE2E-4107-9DF2-2BC1A24B9A86}.Release|Any CPU.Build.0 = Release|Any CPU
		{F01D7EFE-9A15-421B-ADB0-4084E789BD7E}.Debug|Any CPU.ActiveCfg = Debug|Any CPU
		{F01D7EFE-9A15-421B-ADB0-4084E789BD7E}.Debug|Any CPU.Build.0 = Debug|Any CPU
		{F01D7EFE-9A15-421B-ADB0-4084E789BD7E}.Release|Any CPU.ActiveCfg = Release|Any CPU
		{F01D7EFE-9A15-421B-ADB0-4084E789BD7E}.Release|Any CPU.Build.0 = Release|Any CPU
		{5FF233CD-179D-452B-A58C-4D981247B4BB}.Debug|Any CPU.ActiveCfg = Debug|Any CPU
		{5FF233CD-179D-452B-A58C-4D981247B4BB}.Debug|Any CPU.Build.0 = Debug|Any CPU
		{5FF233CD-179D-452B-A58C-4D981247B4BB}.Release|Any CPU.ActiveCfg = Release|Any CPU
		{5FF233CD-179D-452B-A58C-4D981247B4BB}.Release|Any CPU.Build.0 = Release|Any CPU
		{EFA225B9-1FEA-4942-B551-4D1809D08121}.Debug|Any CPU.ActiveCfg = Debug|Any CPU
		{EFA225B9-1FEA-4942-B551-4D1809D08121}.Debug|Any CPU.Build.0 = Debug|Any CPU
		{EFA225B9-1FEA-4942-B551-4D1809D08121}.Release|Any CPU.ActiveCfg = Release|Any CPU
		{EFA225B9-1FEA-4942-B551-4D1809D08121}.Release|Any CPU.Build.0 = Release|Any CPU
	EndGlobalSection
	GlobalSection(SolutionProperties) = preSolution
		HideSolutionNode = FALSE
	EndGlobalSection
	GlobalSection(ExtensibilityGlobals) = postSolution
		SolutionGuid = {61C04170-B797-47E8-80B0-DD70790EF311}
	EndGlobalSection
EndGlobal
